github.com/ismd/hugo-theme-vng-blue v0.0.0-20260519120407-55fe06a7df04 h1:H1QOp0yyQQXUtVXpM7NALoqn3nw8FCLjoVCkXo6qGf8=
github.com/ismd/hugo-theme-vng-blue v0.0.0-20260519120407-55fe06a7df04/go.mod h1:i+VzerzId8DxFHxNriKlajD/qcmXS9EtPRdScfNL+lo=
github.com/ismd/hugo-theme-vng-blue v0.0.0-20260527170458-924c26c92f01 h1:0uIznpn2mMpVleNXDMj2/rnlJmmUkncce/FPJeZ20Q4=
github.com/ismd/hugo-theme-vng-blue v0.0.0-20260527170458-924c26c92f01/go.mod h1:i+VzerzId8DxFHxNriKlajD/qcmXS9EtPRdScfNL+lo=
github.com/ismd/hugo-theme-vng-blue v0.0.0-20260527172629-e634a47fd9b9 h1:++y29XedZM6G7WVAx4kU8/ZasAHFUbweAL5wQr9ecLk=
github.com/ismd/hugo-theme-vng-blue v0.0.0-20260527172629-e634a47fd9b9/go.mod h1:i+VzerzId8DxFHxNriKlajD/qcmXS9EtPRdScfNL+lo=
github.com/ismd/hugo-theme-vng-blue v0.0.0-20260527190758-b167d6f2e8dd h1:kiwzodQB+N0kRpBktsqkepoGkHS+sSNWsE5jKS2Mwuc=
github.com/ismd/hugo-theme-vng-blue v0.0.0-20260527190758-b167d6f2e8dd/go.mod h1:i+VzerzId8DxFHxNriKlajD/qcmXS9EtPRdScfNL+lo=
github.com/ismd/hugo-theme-vng-blue v0.0.0-20260528194956-fe60e304e151 h1:faRrhfHhlD0tV9JKc5ostIwftvpvdo3BxuPDq99GgGw=
github.com/ismd/hugo-theme-vng-blue v0.0.0-20260528194956-fe60e304e151/go.mod h1:i+VzerzId8DxFHxNriKlajD/qcmXS9EtPRdScfNL+lo=
