github.com/ismd/hugo-theme-vng-blue v0.0.0-20260519120407-55fe06a7df04 h1:H1QOp0yyQQXUtVXpM7NALoqn3nw8FCLjoVCkXo6qGf8=
github.com/ismd/hugo-theme-vng-blue v0.0.0-20260519120407-55fe06a7df04/go.mod h1:i+VzerzId8DxFHxNriKlajD/qcmXS9EtPRdScfNL+lo=
github.com/ismd/hugo-theme-vng-blue v0.0.0-20260527170458-924c26c92f01 h1:0uIznpn2mMpVleNXDMj2/rnlJmmUkncce/FPJeZ20Q4=
github.com/ismd/hugo-theme-vng-blue v0.0.0-20260527170458-924c26c92f01/go.mod h1:i+VzerzId8DxFHxNriKlajD/qcmXS9EtPRdScfNL+lo=
github.com/ismd/hugo-theme-vng-blue v0.0.0-20260527172629-e634a47fd9b9 h1:++y29XedZM6G7WVAx4kU8/ZasAHFUbweAL5wQr9ecLk=
github.com/ismd/hugo-theme-vng-blue v0.0.0-20260527172629-e634a47fd9b9/go.mod h1:i+VzerzId8DxFHxNriKlajD/qcmXS9EtPRdScfNL+lo=
github.com/ismd/hugo-theme-vng-blue v0.0.0-20260527190758-b167d6f2e8dd h1:kiwzodQB+N0kRpBktsqkepoGkHS+sSNWsE5jKS2Mwuc=
github.com/ismd/hugo-theme-vng-blue v0.0.0-20260527190758-b167d6f2e8dd/go.mod h1:i+VzerzId8DxFHxNriKlajD/qcmXS9EtPRdScfNL+lo=
github.com/ismd/hugo-theme-vng-blue v0.0.0-20260528194956-fe60e304e151 h1:faRrhfHhlD0tV9JKc5ostIwftvpvdo3BxuPDq99GgGw=
github.com/ismd/hugo-theme-vng-blue v0.0.0-20260528194956-fe60e304e151/go.mod h1:i+VzerzId8DxFHxNriKlajD/qcmXS9EtPRdScfNL+lo=
github.com/ismd/hugo-theme-vng-blue v0.0.0-20260626181049-517948bfe604 h1:X18aFNrh4ZH6Xha2Q/tE6jcrNoWrF2ZMv6azAZD23go=
github.com/ismd/hugo-theme-vng-blue v0.0.0-20260626181049-517948bfe604/go.mod h1:i+VzerzId8DxFHxNriKlajD/qcmXS9EtPRdScfNL+lo=
github.com/ismd/hugo-theme-vng-blue v0.0.0-20260925105223-275c15e66940 h1:h9eaPzKoZ/7R7D3Y49rKHrI5sKNX+wfRxDpUMa3xrxI=
github.com/ismd/hugo-theme-vng-blue v0.0.0-20260925105223-275c15e66940/go.mod h1:i+VzerzId8DxFHxNriKlajD/qcmXS9EtPRdScfNL+lo=
github.com/ismd/hugo-theme-vng-blue v0.0.0-20260925112749-264cafa85aad h1:IByGxDGxZpVdL8BzoylrJeGBD1dymfGP+bNCJLIbTT8=
github.com/ismd/hugo-theme-vng-blue v0.0.0-20260925112749-264cafa85aad/go.mod h1:i+VzerzId8DxFHxNriKlajD/qcmXS9EtPRdScfNL+lo=
github.com/ismd/hugo-theme-vng-blue v0.0.0-20260925113043-117cfc63b288 h1:xotQOj/WFBMcSpE14jXLlNQDH+flD/ikiwj7QhdOIj8=
github.com/ismd/hugo-theme-vng-blue v0.0.0-20260925113043-117cfc63b288/go.mod h1:i+VzerzId8DxFHxNriKlajD/qcmXS9EtPRdScfNL+lo=
github.com/ismd/hugo-theme-vng-blue v0.0.0-20260925120503-8e549069c9b7 h1:4qk/5b+/zsH+YNfs+ScBiv3TSfLmX4kjFIvyqKJI2yY=
github.com/ismd/hugo-theme-vng-blue v0.0.0-20260925120503-8e549069c9b7/go.mod h1:i+VzerzId8DxFHxNriKlajD/qcmXS9EtPRdScfNL+lo=
